
Microsoft Visual Studio Solution File, Format Version 12.00
# Visual Studio Version 16
VisualStudioVersion = 16.0.30907.101
MinimumVisualStudioVersion = 10.0.40219.1
Project("{FAE04EC0-301F-11D3-BF4B-00C04F79EFBC}") = "LearnService.Api", "LearnService.Api\LearnService.Api.csproj", "{FCB93FD3-A0FF-4CEA-B294-F35D9F6FEFE4}"
EndProject
Global
	GlobalSection(SolutionConfigurationPlatforms) = preSolution
		Debug|Any CPU = Debug|Any CPU
		Release|Any CPU = Release|Any CPU
	EndGlobalSection
	GlobalSection(ProjectConfigurationPlatforms) = postSolution
		{FCB93FD3-A0FF-4CEA-B294-F35D9F6FEFE4}.Debug|Any CPU.ActiveCfg = Debug|Any CPU
		{FCB93FD3-A0FF-4CEA-B294-F35D9F6FEFE4}.Debug|Any CPU.Build.0 = Debug|Any CPU
		{FCB93FD3-A0FF-4CEA-B294-F35D9F6FEFE4}.Release|Any CPU.ActiveCfg = Release|Any CPU
		{FCB93FD3-A0FF-4CEA-B294-F35D9F6FEFE4}.Release|Any CPU.Build.0 = Release|Any CPU
	EndGlobalSection
	GlobalSection(SolutionProperties) = preSolution
		HideSolutionNode = FALSE
	EndGlobalSection
	GlobalSection(ExtensibilityGlobals) = postSolution
		SolutionGuid = {422C9EB8-70B2-4872-82D1-2DA1C60A521D}
	EndGlobalSection
EndGlobal
